
Microsoft Visual Studio Solution File, Format Version 12.00
# Visual Studio 14
VisualStudioVersion = 14.0.25420.1
MinimumVisualStudioVersion = 10.0.40219.1
Project("{FAE04EC0-301F-11D3-BF4B-00C04F79EFBC}") = "AlgorithmCode", "AlgorithmCode\AlgorithmCode.csproj", "{430F816C-F6CC-4FD7-B49E-1517F687DA8E}"
EndProject
Project("{FAE04EC0-301F-11D3-BF4B-00C04F79EFBC}") = "AlgorithmCodeTest", "AlgorithmCodeTest\AlgorithmCodeTest.csproj", "{654BFFC3-5AA9-4EA2-870E-F8307DD8F65D}"
EndProject
Global
	GlobalSection(SolutionConfigurationPlatforms) = preSolution
		Debug|Any CPU = Debug|Any CPU
		Release|Any CPU = Release|Any CPU
	EndGlobalSection
	GlobalSection(ProjectConfigurationPlatforms) = postSolution
		{430F816C-F6CC-4FD7-B49E-1517F687DA8E}.Debug|Any CPU.ActiveCfg = Debug|Any CPU
		{430F816C-F6CC-4FD7-B49E-1517F687DA8E}.Debug|Any CPU.Build.0 = Debug|Any CPU
		{430F816C-F6CC-4FD7-B49E-1517F687DA8E}.Release|Any CPU.ActiveCfg = Release|Any CPU
		{430F816C-F6CC-4FD7-B49E-1517F687DA8E}.Release|Any CPU.Build.0 = Release|Any CPU
		{654BFFC3-5AA9-4EA2-870E-F8307DD8F65D}.Debug|Any CPU.ActiveCfg = Debug|Any CPU
		{654BFFC3-5AA9-4EA2-870E-F8307DD8F65D}.Debug|Any CPU.Build.0 = Debug|Any CPU
		{654BFFC3-5AA9-4EA2-870E-F8307DD8F65D}.Release|Any CPU.ActiveCfg = Release|Any CPU
		{654BFFC3-5AA9-4EA2-870E-F8307DD8F65D}.Release|Any CPU.Build.0 = Release|Any CPU
	EndGlobalSection
	GlobalSection(SolutionProperties) = preSolution
		HideSolutionNode = FALSE
	EndGlobalSection
EndGlobal
